
Microsoft Visual Studio Solution File, Format Version 12.00
# Visual Studio Version 16
VisualStudioVersion = 16.0.29806.167
MinimumVisualStudioVersion = 10.0.40219.1
Project("{9A19103F-16F7-4668-BE54-9A1E7A4F7556}") = "DDD", "DDD\DDD.csproj", "{F8F9847C-3B88-4540-AC27-D63368ADA462}"
EndProject
Project("{9A19103F-16F7-4668-BE54-9A1E7A4F7556}") = "UnitTest", "UnitTest-Point\UnitTest.csproj", "{5D2F0086-F964-4212-BBF3-E3DBCF28A8FD}"
EndProject
Global
	GlobalSection(SolutionConfigurationPlatforms) = preSolution
		Debug|Any CPU = Debug|Any CPU
		Release|Any CPU = Release|Any CPU
	EndGlobalSection
	GlobalSection(ProjectConfigurationPlatforms) = postSolution
		{F8F9847C-3B88-4540-AC27-D63368ADA462}.Debug|Any CPU.ActiveCfg = Debug|Any CPU
		{F8F9847C-3B88-4540-AC27-D63368ADA462}.Debug|Any CPU.Build.0 = Debug|Any CPU
		{F8F9847C-3B88-4540-AC27-D63368ADA462}.Release|Any CPU.ActiveCfg = Release|Any CPU
		{F8F9847C-3B88-4540-AC27-D63368ADA462}.Release|Any CPU.Build.0 = Release|Any CPU
		{5D2F0086-F964-4212-BBF3-E3DBCF28A8FD}.Debug|Any CPU.ActiveCfg = Debug|Any CPU
		{5D2F0086-F964-4212-BBF3-E3DBCF28A8FD}.Debug|Any CPU.Build.0 = Debug|Any CPU
		{5D2F0086-F964-4212-BBF3-E3DBCF28A8FD}.Release|Any CPU.ActiveCfg = Release|Any CPU
		{5D2F0086-F964-4212-BBF3-E3DBCF28A8FD}.Release|Any CPU.Build.0 = Release|Any CPU
	EndGlobalSection
	GlobalSection(SolutionProperties) = preSolution
		HideSolutionNode = FALSE
	EndGlobalSection
	GlobalSection(ExtensibilityGlobals) = postSolution
		SolutionGuid = {A57B008A-62EC-4B0D-BD4F-574DC1C59A8C}
	EndGlobalSection
EndGlobal
